// !$*UTF8*$!
{
	archiveVersion = 1;
	classes = {
	};
	objectVersion = 77;
	objects = {

/* Begin PBXBuildFile section */
		06FDC4C0A917EF149DC863C0 /* Assets.xcassets in Resources */ = {isa = PBXBuildFile; fileRef = 9E3960211F7C472290DD0EE3 /* Assets.xcassets */; };
		61599120A1B00519477D5AAA /* ImageCanvasView.swift in Sources */ = {isa = PBXBuildFile; fileRef = 17C9EDC47B115329FBC1BB86 /* ImageCanvasView.swift */; };
		A6A6C9EA3CDE1CEC89E12AE5 /* ContentView.swift in Sources */ = {isa = PBXBuildFile; fileRef = 861FEBDBF87EC9B83C7BF9C5 /* ContentView.swift */; };
		B0A5931602B1FDEF8112E826 /* ImageBrowserModel.swift in Sources */ = {isa = PBXBuildFile; fileRef = 42876FBDCCC4BBD4BD2F8675 /* ImageBrowserModel.swift */; };
		B538FA59E41AED83521D8C1F /* AppDelegate.swift in Sources */ = {isa = PBXBuildFile; fileRef = 7696358E22114E399B280441 /* AppDelegate.swift */; };
		DBC429EBC51370113A3F8C5F /* PendViewApp.swift in Sources */ = {isa = PBXBuildFile; fileRef = D3470A5797D60BD8EECFE5C9 /* PendViewApp.swift */; };
		FF0AA4A34F5AADA745072F22 /* DropZoneView.swift in Sources */ = {isa = PBXBuildFile; fileRef = 8A6BF45C75ED3D1D672E2344 /* DropZoneView.swift */; };
/* End PBXBuildFile section */

/* Begin PBXFileReference section */
		17C9EDC47B115329FBC1BB86 /* ImageCanvasView.swift */ = {isa = PBXFileReference; lastKnownFileType = sourcecode.swift; path = ImageCanvasView.swift; sourceTree = "<group>"; };
		42876FBDCCC4BBD4BD2F8675 /* ImageBrowserModel.swift */ = {isa = PBXFileReference; lastKnownFileType = sourcecode.swift; path = ImageBrowserModel.swift; sourceTree = "<group>"; };
		6EB0652B854985165AF6C913 /* PendView.app */ = {isa = PBXFileReference; explicitFileType = wrapper.application; includeInIndex = 0; path = PendView.app; sourceTree = BUILT_PRODUCTS_DIR; };
		7696358E22114E399B280441 /* AppDelegate.swift */ = {isa = PBXFileReference; lastKnownFileType = sourcecode.swift; path = AppDelegate.swift; sourceTree = "<group>"; };
		861FEBDBF87EC9B83C7BF9C5 /* ContentView.swift */ = {isa = PBXFileReference; lastKnownFileType = sourcecode.swift; path = ContentView.swift; sourceTree = "<group>"; };
		8A6BF45C75ED3D1D672E2344 /* DropZoneView.swift */ = {isa = PBXFileReference; lastKnownFileType = sourcecode.swift; path = DropZoneView.swift; sourceTree = "<group>"; };
		9E3960211F7C472290DD0EE3 /* Assets.xcassets */ = {isa = PBXFileReference; lastKnownFileType = folder.assetcatalog; path = Assets.xcassets; sourceTree = "<group>"; };
		D3470A5797D60BD8EECFE5C9 /* PendViewApp.swift */ = {isa = PBXFileReference; lastKnownFileType = sourcecode.swift; path = PendViewApp.swift; sourceTree = "<group>"; };
/* End PBXFileReference section */

/* Begin PBXGroup section */
		5DC80729D186CB1E921BA966 /* PendView */ = {
			isa = PBXGroup;
			children = (
				7696358E22114E399B280441 /* AppDelegate.swift */,
				9E3960211F7C472290DD0EE3 /* Assets.xcassets */,
				861FEBDBF87EC9B83C7BF9C5 /* ContentView.swift */,
				8A6BF45C75ED3D1D672E2344 /* DropZoneView.swift */,
				42876FBDCCC4BBD4BD2F8675 /* ImageBrowserModel.swift */,
				17C9EDC47B115329FBC1BB86 /* ImageCanvasView.swift */,
				D3470A5797D60BD8EECFE5C9 /* PendViewApp.swift */,
			);
			path = PendView;
			sourceTree = "<group>";
		};
		82756788C25BA7D67EE90200 = {
			isa = PBXGroup;
			children = (
				5DC80729D186CB1E921BA966 /* PendView */,
				E2B16CDF4EB709D2C3F7E97C /* Products */,
			);
			sourceTree = "<group>";
		};
		E2B16CDF4EB709D2C3F7E97C /* Products */ = {
			isa = PBXGroup;
			children = (
				6EB0652B854985165AF6C913 /* PendView.app */,
			);
			name = Products;
			sourceTree = "<group>";
		};
/* End PBXGroup section */

/* Begin PBXNativeTarget section */
		24E5C69ADCD530D79698C4A2 /* PendView */ = {
			isa = PBXNativeTarget;
			buildConfigurationList = DE690833667C7E45D87ABAAC /* Build configuration list for PBXNativeTarget "PendView" */;
			buildPhases = (
				B022532EFA105B48E2DB63C3 /* Sources */,
				36F5126680EFED1066D6AE49 /* Resources */,
			);
			buildRules = (
			);
			dependencies = (
			);
			name = PendView;
			packageProductDependencies = (
			);
			productName = PendView;
			productReference = 6EB0652B854985165AF6C913 /* PendView.app */;
			productType = "com.apple.product-type.application";
		};
/* End PBXNativeTarget section */

/* Begin PBXProject section */
		4C7FC7A2F0BAD2C5B8302994 /* Project object */ = {
			isa = PBXProject;
			attributes = {
				BuildIndependentTargetsInParallel = YES;
				LastUpgradeCheck = 1430;
				TargetAttributes = {
					24E5C69ADCD530D79698C4A2 = {
						DevelopmentTeam = "";
						ProvisioningStyle = Automatic;
					};
				};
			};
			buildConfigurationList = 6AF134EA67EFFA5492B886F2 /* Build configuration list for PBXProject "PendView" */;
			developmentRegion = en;
			hasScannedForEncodings = 0;
			knownRegions = (
				Base,
				en,
			);
			mainGroup = 82756788C25BA7D67EE90200;
			minimizedProjectReferenceProxies = 1;
			preferredProjectObjectVersion = 77;
			productRefGroup = E2B16CDF4EB709D2C3F7E97C /* Products */;
			projectDirPath = "";
			projectRoot = "";
			targets = (
				24E5C69ADCD530D79698C4A2 /* PendView */,
			);
		};
/* End PBXProject section */

/* Begin PBXResourcesBuildPhase section */
		36F5126680EFED1066D6AE49 /* Resources */ = {
			isa = PBXResourcesBuildPhase;
			buildActionMask = 2147483647;
			files = (
				06FDC4C0A917EF149DC863C0 /* Assets.xcassets in Resources */,
			);
			runOnlyForDeploymentPostprocessing = 0;
		};
/* End PBXResourcesBuildPhase section */

/* Begin PBXSourcesBuildPhase section */
		B022532EFA105B48E2DB63C3 /* Sources */ = {
			isa = PBXSourcesBuildPhase;
			buildActionMask = 2147483647;
			files = (
				B538FA59E41AED83521D8C1F /* AppDelegate.swift in Sources */,
				A6A6C9EA3CDE1CEC89E12AE5 /* ContentView.swift in Sources */,
				FF0AA4A34F5AADA745072F22 /* DropZoneView.swift in Sources */,
				B0A5931602B1FDEF8112E826 /* ImageBrowserModel.swift in Sources */,
				61599120A1B00519477D5AAA /* ImageCanvasView.swift in Sources */,
				DBC429EBC51370113A3F8C5F /* PendViewApp.swift in Sources */,
			);
			runOnlyForDeploymentPostprocessing = 0;
		};
/* End PBXSourcesBuildPhase section */

/* Begin XCBuildConfiguration section */
		2BF642C404B044743067653C /* Debug */ = {
			isa = XCBuildConfiguration;
			buildSettings = {
				ALWAYS_SEARCH_USER_PATHS = NO;
				CLANG_ANALYZER_NONNULL = YES;
				CLANG_ANALYZER_NUMBER_OBJECT_CONVERSION = YES_AGGRESSIVE;
				CLANG_CXX_LANGUAGE_STANDARD = "gnu++14";
				CLANG_CXX_LIBRARY = "libc++";
				CLANG_ENABLE_MODULES = YES;
				CLANG_ENABLE_OBJC_ARC = YES;
				CLANG_ENABLE_OBJC_WEAK = YES;
				CLANG_WARN_BLOCK_CAPTURE_AUTORELEASING = YES;
				CLANG_WARN_BOOL_CONVERSION = YES;
				CLANG_WARN_COMMA = YES;
				CLANG_WARN_CONSTANT_CONVERSION = YES;
				CLANG_WARN_DEPRECATED_OBJC_IMPLEMENTATIONS = YES;
				CLANG_WARN_DIRECT_OBJC_ISA_USAGE = YES_ERROR;
				CLANG_WARN_DOCUMENTATION_COMMENTS = YES;
				CLANG_WARN_EMPTY_BODY = YES;
				CLANG_WARN_ENUM_CONVERSION = YES;
				CLANG_WARN_INFINITE_RECURSION = YES;
				CLANG_WARN_INT_CONVERSION = YES;
				CLANG_WARN_NON_LITERAL_NULL_CONVERSION = YES;
				CLANG_WARN_OBJC_IMPLICIT_RETAIN_SELF = YES;
				CLANG_WARN_OBJC_LITERAL_CONVERSION = YES;
				CLANG_WARN_OBJC_ROOT_CLASS = YES_ERROR;
				CLANG_WARN_QUOTED_INCLUDE_IN_FRAMEWORK_HEADER = YES;
				CLANG_WARN_RANGE_LOOP_ANALYSIS = YES;
				CLANG_WARN_STRICT_PROTOTYPES = YES;
				CLANG_WARN_SUSPICIOUS_MOVE = YES;
				CLANG_WARN_UNGUARDED_AVAILABILITY = YES_AGGRESSIVE;
				CLANG_WARN_UNREACHABLE_CODE = YES;
				CLANG_WARN__DUPLICATE_METHOD_MATCH = YES;
				CODE_SIGN_IDENTITY = "-";
				CODE_SIGN_STYLE = Automatic;
				COPY_PHASE_STRIP = NO;
				CURRENT_PROJECT_VERSION = 4;
				DEBUG_INFORMATION_FORMAT = dwarf;
				DEVELOPMENT_TEAM = "";
				ENABLE_APP_SANDBOX = NO;
				ENABLE_HARDENED_RUNTIME = NO;
				ENABLE_STRICT_OBJC_MSGSEND = YES;
				ENABLE_TESTABILITY = YES;
				GCC_C_LANGUAGE_STANDARD = gnu11;
				GCC_DYNAMIC_NO_PIC = NO;
				GCC_NO_COMMON_BLOCKS = YES;
				GCC_OPTIMIZATION_LEVEL = 0;
				GCC_PREPROCESSOR_DEFINITIONS = (
					"$(inherited)",
					"DEBUG=1",
				);
				GCC_WARN_64_TO_32_BIT_CONVERSION = YES;
				GCC_WARN_ABOUT_RETURN_TYPE = YES_ERROR;
				GCC_WARN_UNDECLARED_SELECTOR = YES;
				GCC_WARN_UNINITIALIZED_AUTOS = YES_AGGRESSIVE;
				GCC_WARN_UNUSED_FUNCTION = YES;
				GCC_WARN_UNUSED_VARIABLE = YES;
				MACOSX_DEPLOYMENT_TARGET = 14.0;
				MARKETING_VERSION = 0.4.0;
				MTL_ENABLE_DEBUG_INFO = INCLUDE_SOURCE;
				MTL_FAST_MATH = YES;
				ONLY_ACTIVE_ARCH = YES;
				PRODUCT_NAME = "$(TARGET_NAME)";
				SDKROOT = macosx;
				SWIFT_ACTIVE_COMPILATION_CONDITIONS = DEBUG;
				SWIFT_OPTIMIZATION_LEVEL = "-Onone";
				SWIFT_VERSION = 5.10;
			};
			name = Debug;
		};
		46229CA1E3ACA7C1F8E8720A /* Release */ = {
			isa = XCBuildConfiguration;
			buildSettings = {
				ALWAYS_SEARCH_USER_PATHS = NO;
				CLANG_ANALYZER_NONNULL = YES;
				CLANG_ANALYZER_NUMBER_OBJECT_CONVERSION = YES_AGGRESSIVE;
				CLANG_CXX_LANGUAGE_STANDARD = "gnu++14";
				CLANG_CXX_LIBRARY = "libc++";
				CLANG_ENABLE_MODULES = YES;
				CLANG_ENABLE_OBJC_ARC = YES;
				CLANG_ENABLE_OBJC_WEAK = YES;
				CLANG_WARN_BLOCK_CAPTURE_AUTORELEASING = YES;
				CLANG_WARN_BOOL_CONVERSION = YES;
				CLANG_WARN_COMMA = YES;
				CLANG_WARN_CONSTANT_CONVERSION = YES;
				CLANG_WARN_DEPRECATED_OBJC_IMPLEMENTATIONS = YES;
				CLANG_WARN_DIRECT_OBJC_ISA_USAGE = YES_ERROR;
				CLANG_WARN_DOCUMENTATION_COMMENTS = YES;
				CLANG_WARN_EMPTY_BODY = YES;
				CLANG_WARN_ENUM_CONVERSION = YES;
				CLANG_WARN_INFINITE_RECURSION = YES;
				CLANG_WARN_INT_CONVERSION = YES;
				CLANG_WARN_NON_LITERAL_NULL_CONVERSION = YES;
				CLANG_WARN_OBJC_IMPLICIT_RETAIN_SELF = YES;
				CLANG_WARN_OBJC_LITERAL_CONVERSION = YES;
				CLANG_WARN_OBJC_ROOT_CLASS = YES_ERROR;
				CLANG_WARN_QUOTED_INCLUDE_IN_FRAMEWORK_HEADER = YES;
				CLANG_WARN_RANGE_LOOP_ANALYSIS = YES;
				CLANG_WARN_STRICT_PROTOTYPES = YES;
				CLANG_WARN_SUSPICIOUS_MOVE = YES;
				CLANG_WARN_UNGUARDED_AVAILABILITY = YES_AGGRESSIVE;
				CLANG_WARN_UNREACHABLE_CODE = YES;
				CLANG_WARN__DUPLICATE_METHOD_MATCH = YES;
				CODE_SIGN_IDENTITY = "-";
				CODE_SIGN_STYLE = Automatic;
				COPY_PHASE_STRIP = NO;
				CURRENT_PROJECT_VERSION = 4;
				DEBUG_INFORMATION_FORMAT = "dwarf-with-dsym";
				DEVELOPMENT_TEAM = "";
				ENABLE_APP_SANDBOX = NO;
				ENABLE_HARDENED_RUNTIME = NO;
				ENABLE_NS_ASSERTIONS = NO;
				ENABLE_STRICT_OBJC_MSGSEND = YES;
				GCC_C_LANGUAGE_STANDARD = gnu11;
				GCC_NO_COMMON_BLOCKS = YES;
				GCC_WARN_64_TO_32_BIT_CONVERSION = YES;
				GCC_WARN_ABOUT_RETURN_TYPE = YES_ERROR;
				GCC_WARN_UNDECLARED_SELECTOR = YES;
				GCC_WARN_UNINITIALIZED_AUTOS = YES_AGGRESSIVE;
				GCC_WARN_UNUSED_FUNCTION = YES;
				GCC_WARN_UNUSED_VARIABLE = YES;
				MACOSX_DEPLOYMENT_TARGET = 14.0;
				MARKETING_VERSION = 0.4.0;
				MTL_ENABLE_DEBUG_INFO = NO;
				MTL_FAST_MATH = YES;
				PRODUCT_NAME = "$(TARGET_NAME)";
				SDKROOT = macosx;
				SWIFT_COMPILATION_MODE = wholemodule;
				SWIFT_OPTIMIZATION_LEVEL = "-O";
				SWIFT_VERSION = 5.10;
			};
			name = Release;
		};
		BAB4F5532C6181B1BCE2C5E2 /* Debug */ = {
			isa = XCBuildConfiguration;
			buildSettings = {
				ASSETCATALOG_COMPILER_APPICON_NAME = AppIcon;
				CODE_SIGN_ENTITLEMENTS = "";
				COMBINE_HIDPI_IMAGES = YES;
				ENABLE_APP_SANDBOX = NO;
				ENABLE_HARDENED_RUNTIME = NO;
				GENERATE_INFOPLIST_FILE = NO;
				INFOPLIST_FILE = PendView/Info.plist;
				LD_RUNPATH_SEARCH_PATHS = (
					"$(inherited)",
					"@executable_path/../Frameworks",
				);
				MACOSX_DEPLOYMENT_TARGET = 14.0;
				PRODUCT_BUNDLE_IDENTIFIER = com.pendview.PendView;
				PRODUCT_NAME = PendView;
				SDKROOT = macosx;
			};
			name = Debug;
		};
		C11E381065FA9A9748976877 /* Release */ = {
			isa = XCBuildConfiguration;
			buildSettings = {
				ASSETCATALOG_COMPILER_APPICON_NAME = AppIcon;
				CODE_SIGN_ENTITLEMENTS = "";
				COMBINE_HIDPI_IMAGES = YES;
				ENABLE_APP_SANDBOX = NO;
				ENABLE_HARDENED_RUNTIME = YES;
				GENERATE_INFOPLIST_FILE = NO;
				INFOPLIST_FILE = PendView/Info.plist;
				LD_RUNPATH_SEARCH_PATHS = (
					"$(inherited)",
					"@executable_path/../Frameworks",
				);
				MACOSX_DEPLOYMENT_TARGET = 14.0;
				PRODUCT_BUNDLE_IDENTIFIER = com.pendview.PendView;
				PRODUCT_NAME = PendView;
				SDKROOT = macosx;
			};
			name = Release;
		};
/* End XCBuildConfiguration section */

/* Begin XCConfigurationList section */
		6AF134EA67EFFA5492B886F2 /* Build configuration list for PBXProject "PendView" */ = {
			isa = XCConfigurationList;
			buildConfigurations = (
				2BF642C404B044743067653C /* Debug */,
				46229CA1E3ACA7C1F8E8720A /* Release */,
			);
			defaultConfigurationIsVisible = 0;
			defaultConfigurationName = Debug;
		};
		DE690833667C7E45D87ABAAC /* Build configuration list for PBXNativeTarget "PendView" */ = {
			isa = XCConfigurationList;
			buildConfigurations = (
				BAB4F5532C6181B1BCE2C5E2 /* Debug */,
				C11E381065FA9A9748976877 /* Release */,
			);
			defaultConfigurationIsVisible = 0;
			defaultConfigurationName = Debug;
		};
/* End XCConfigurationList section */
	};
	rootObject = 4C7FC7A2F0BAD2C5B8302994 /* Project object */;
}
